
Microsoft Visual Studio Solution File, Format Version 12.00
# Visual Studio Version 16
VisualStudioVersion = 16.0.31112.23
MinimumVisualStudioVersion = 10.0.40219.1
Project("{2150E333-8FDC-42A3-9474-1A3956D46DE8}") = "external", "external", "{E7563A18-D9A9-4421-AF99-855E8156AE37}"
EndProject
Project("{8BC9CEB8-8B4A-11D0-8D11-00A0C91BC942}") = "glad", "external\glad\glad.vcxproj", "{558AE84F-116B-4E51-B5B3-C8B1417DEAB1}"
EndProject
Project("{8BC9CEB8-8B4A-11D0-8D11-00A0C91BC942}") = "glfw", "external\glfw\glfw.vcxproj", "{53BAF5A5-53D4-4EAC-9167-1D1F2B5A2DE2}"
EndProject
Project("{8BC9CEB8-8B4A-11D0-8D11-00A0C91BC942}") = "imgui", "external\imgui\imgui.vcxproj", "{76CFBBF1-25D5-410D-916A-BF53ED1EAB28}"
EndProject
Project("{8BC9CEB8-8B4A-11D0-8D11-00A0C91BC942}") = "Base", "src\Base\Base.vcxproj", "{62FAAE5E-7269-40AC-BE95-FA8DDB78A7BB}"
EndProject
Project("{8BC9CEB8-8B4A-11D0-8D11-00A0C91BC942}") = "SkyRendering", "src\SkyRendering\SkyRendering.vcxproj", "{01F56434-5E4B-4733-8A4F-167257EB57C6}"
EndProject
Global
	GlobalSection(SolutionConfigurationPlatforms) = preSolution
		Debug|x64 = Debug|x64
		Release|x64 = Release|x64
	EndGlobalSection
	GlobalSection(ProjectConfigurationPlatforms) = postSolution
		{558AE84F-116B-4E51-B5B3-C8B1417DEAB1}.Debug|x64.ActiveCfg = Debug|x64
		{558AE84F-116B-4E51-B5B3-C8B1417DEAB1}.Debug|x64.Build.0 = Debug|x64
		{558AE84F-116B-4E51-B5B3-C8B1417DEAB1}.Release|x64.ActiveCfg = Release|x64
		{558AE84F-116B-4E51-B5B3-C8B1417DEAB1}.Release|x64.Build.0 = Release|x64
		{53BAF5A5-53D4-4EAC-9167-1D1F2B5A2DE2}.Debug|x64.ActiveCfg = Debug|x64
		{53BAF5A5-53D4-4EAC-9167-1D1F2B5A2DE2}.Debug|x64.Build.0 = Debug|x64
		{53BAF5A5-53D4-4EAC-9167-1D1F2B5A2DE2}.Release|x64.ActiveCfg = Release|x64
		{53BAF5A5-53D4-4EAC-9167-1D1F2B5A2DE2}.Release|x64.Build.0 = Release|x64
		{76CFBBF1-25D5-410D-916A-BF53ED1EAB28}.Debug|x64.ActiveCfg = Debug|x64
		{76CFBBF1-25D5-410D-916A-BF53ED1EAB28}.Debug|x64.Build.0 = Debug|x64
		{76CFBBF1-25D5-410D-916A-BF53ED1EAB28}.Release|x64.ActiveCfg = Release|x64
		{76CFBBF1-25D5-410D-916A-BF53ED1EAB28}.Release|x64.Build.0 = Release|x64
		{62FAAE5E-7269-40AC-BE95-FA8DDB78A7BB}.Debug|x64.ActiveCfg = Debug|x64
		{62FAAE5E-7269-40AC-BE95-FA8DDB78A7BB}.Debug|x64.Build.0 = Debug|x64
		{62FAAE5E-7269-40AC-BE95-FA8DDB78A7BB}.Release|x64.ActiveCfg = Release|x64
		{62FAAE5E-7269-40AC-BE95-FA8DDB78A7BB}.Release|x64.Build.0 = Release|x64
		{01F56434-5E4B-4733-8A4F-167257EB57C6}.Debug|x64.ActiveCfg = Debug|x64
		{01F56434-5E4B-4733-8A4F-167257EB57C6}.Debug|x64.Build.0 = Debug|x64
		{01F56434-5E4B-4733-8A4F-167257EB57C6}.Release|x64.ActiveCfg = Release|x64
		{01F56434-5E4B-4733-8A4F-167257EB57C6}.Release|x64.Build.0 = Release|x64
	EndGlobalSection
	GlobalSection(SolutionProperties) = preSolution
		HideSolutionNode = FALSE
	EndGlobalSection
	GlobalSection(NestedProjects) = preSolution
		{558AE84F-116B-4E51-B5B3-C8B1417DEAB1} = {E7563A18-D9A9-4421-AF99-855E8156AE37}
		{53BAF5A5-53D4-4EAC-9167-1D1F2B5A2DE2} = {E7563A18-D9A9-4421-AF99-855E8156AE37}
		{76CFBBF1-25D5-410D-916A-BF53ED1EAB28} = {E7563A18-D9A9-4421-AF99-855E8156AE37}
	EndGlobalSection
	GlobalSection(ExtensibilityGlobals) = postSolution
		SolutionGuid = {4DDF7E64-E922-49D3-AC99-F24A700778AD}
	EndGlobalSection
EndGlobal
