<?xml version="1.0" encoding="utf-8"?>
<Project ToolsVersion="4.0" xmlns="http://schemas.microsoft.com/developer/msbuild/2003">
  <ItemGroup>
    <ClCompile Include="main.cpp" />
    <ClCompile Include="Atmosphere.cpp" />
  </ItemGroup>
  <ItemGroup>
    <Filter Include="shaders">
      <UniqueIdentifier>{303d337e-e9e3-4245-9b33-62d07b102b7e}</UniqueIdentifier>
    </Filter>
  </ItemGroup>
  <ItemGroup>
    <ClInclude Include="Atmosphere.h" />
  </ItemGroup>
  <ItemGroup>
    <None Include="..\..\shaders\AtmosphereHillaire\atmosphere.glsl">
      <Filter>shaders</Filter>
    </None>
    <None Include="..\..\shaders\AtmosphereHillaire\atmosphere_renderer.glsl">
      <Filter>shaders</Filter>
    </None>
  </ItemGroup>
</Project>